{
	"name": "@rxjs-insights/locator",
	"version": "0.3.0-alpha.0",
	"lockfileVersion": 2,
	"requires": true,
	"packages": {
		"": {
			"name": "@rxjs-insights/locator",
			"version": "0.3.0-alpha.0",
			"license": "MIT",
			"dependencies": {
				"error-stack-parser": "^2.0.6",
				"source-map": "^0.7.4"
			},
			"peerDependencies": {
				"@rxjs-insights/core": "0.3.0-alpha.0"
			}
		},
		"node_modules/error-stack-parser": {
			"version": "2.0.7",
			"resolved": "https://registry.npmjs.org/error-stack-parser/-/error-stack-parser-2.0.7.tgz",
			"integrity": "sha512-chLOW0ZGRf4s8raLrDxa5sdkvPec5YdvwbFnqJme4rk0rFajP8mPtrDL1+I+CwrQDCjswDA5sREX7jYQDQs9vA==",
			"dependencies": {
				"stackframe": "^1.1.1"
			}
		},
		"node_modules/source-map": {
			"version": "0.7.4",
			"resolved": "https://registry.npmjs.org/source-map/-/source-map-0.7.4.tgz",
			"integrity": "sha512-l3BikUxvPOcn5E74dZiq5BGsTb5yEwhaTSzccU6t4sDOH8NWJCstKO5QT2CvtFoK6F0saL7p9xHAqHOlCPJygA==",
			"engines": {
				"node": ">= 8"
			}
		},
		"node_modules/stackframe": {
			"version": "1.2.1",
			"resolved": "https://registry.npmjs.org/stackframe/-/stackframe-1.2.1.tgz",
			"integrity": "sha512-h88QkzREN/hy8eRdyNhhsO7RSJ5oyTqxxmmn0dzBIMUclZsjpfmrsg81vp8mjjAs2vAZ72nyWxRUwSwmh0e4xg=="
		}
	},
	"dependencies": {
		"error-stack-parser": {
			"version": "2.0.7",
			"resolved": "https://registry.npmjs.org/error-stack-parser/-/error-stack-parser-2.0.7.tgz",
			"integrity": "sha512-chLOW0ZGRf4s8raLrDxa5sdkvPec5YdvwbFnqJme4rk0rFajP8mPtrDL1+I+CwrQDCjswDA5sREX7jYQDQs9vA==",
			"requires": {
				"stackframe": "^1.1.1"
			}
		},
		"source-map": {
			"version": "0.7.4",
			"resolved": "https://registry.npmjs.org/source-map/-/source-map-0.7.4.tgz",
			"integrity": "sha512-l3BikUxvPOcn5E74dZiq5BGsTb5yEwhaTSzccU6t4sDOH8NWJCstKO5QT2CvtFoK6F0saL7p9xHAqHOlCPJygA=="
		},
		"stackframe": {
			"version": "1.2.1",
			"resolved": "https://registry.npmjs.org/stackframe/-/stackframe-1.2.1.tgz",
			"integrity": "sha512-h88QkzREN/hy8eRdyNhhsO7RSJ5oyTqxxmmn0dzBIMUclZsjpfmrsg81vp8mjjAs2vAZ72nyWxRUwSwmh0e4xg=="
		}
	}
}
