{
	"name": "@rxjs-insights/devtools-extension",
	"version": "0.2.0",
	"lockfileVersion": 2,
	"requires": true,
	"packages": {
		"": {
			"name": "@rxjs-insights/devtools-extension",
			"version": "0.2.0",
			"devDependencies": {
				"@types/chrome": "^0.0.180"
			}
		},
		"node_modules/@types/chrome": {
			"version": "0.0.180",
			"resolved": "https://registry.npmjs.org/@types/chrome/-/chrome-0.0.180.tgz",
			"integrity": "sha512-A/CuuKAaHq2CHEpYBAtl0lp2ib7TTXK7VjJI4q+c+1U/HDvZLJ8IlsdEDzzHdvkNdh36bGONxrMnO9YZrKqbAw==",
			"dev": true,
			"dependencies": {
				"@types/filesystem": "*",
				"@types/har-format": "*"
			}
		},
		"node_modules/@types/filesystem": {
			"version": "0.0.32",
			"resolved": "https://registry.npmjs.org/@types/filesystem/-/filesystem-0.0.32.tgz",
			"integrity": "sha512-Yuf4jR5YYMR2DVgwuCiP11s0xuVRyPKmz8vo6HBY3CGdeMj8af93CFZX+T82+VD1+UqHOxTq31lO7MI7lepBtQ==",
			"dev": true,
			"dependencies": {
				"@types/filewriter": "*"
			}
		},
		"node_modules/@types/filewriter": {
			"version": "0.0.29",
			"resolved": "https://registry.npmjs.org/@types/filewriter/-/filewriter-0.0.29.tgz",
			"integrity": "sha512-BsPXH/irW0ht0Ji6iw/jJaK8Lj3FJemon2gvEqHKpCdDCeemHa+rI3WBGq5z7cDMZgoLjY40oninGxqk+8NzNQ==",
			"dev": true
		},
		"node_modules/@types/har-format": {
			"version": "1.2.8",
			"resolved": "https://registry.npmjs.org/@types/har-format/-/har-format-1.2.8.tgz",
			"integrity": "sha512-OP6L9VuZNdskgNN3zFQQ54ceYD8OLq5IbqO4VK91ORLfOm7WdT/CiT/pHEBSQEqCInJ2y3O6iCm/zGtPElpgJQ==",
			"dev": true
		}
	},
	"dependencies": {
		"@types/chrome": {
			"version": "0.0.180",
			"resolved": "https://registry.npmjs.org/@types/chrome/-/chrome-0.0.180.tgz",
			"integrity": "sha512-A/CuuKAaHq2CHEpYBAtl0lp2ib7TTXK7VjJI4q+c+1U/HDvZLJ8IlsdEDzzHdvkNdh36bGONxrMnO9YZrKqbAw==",
			"dev": true,
			"requires": {
				"@types/filesystem": "*",
				"@types/har-format": "*"
			}
		},
		"@types/filesystem": {
			"version": "0.0.32",
			"resolved": "https://registry.npmjs.org/@types/filesystem/-/filesystem-0.0.32.tgz",
			"integrity": "sha512-Yuf4jR5YYMR2DVgwuCiP11s0xuVRyPKmz8vo6HBY3CGdeMj8af93CFZX+T82+VD1+UqHOxTq31lO7MI7lepBtQ==",
			"dev": true,
			"requires": {
				"@types/filewriter": "*"
			}
		},
		"@types/filewriter": {
			"version": "0.0.29",
			"resolved": "https://registry.npmjs.org/@types/filewriter/-/filewriter-0.0.29.tgz",
			"integrity": "sha512-BsPXH/irW0ht0Ji6iw/jJaK8Lj3FJemon2gvEqHKpCdDCeemHa+rI3WBGq5z7cDMZgoLjY40oninGxqk+8NzNQ==",
			"dev": true
		},
		"@types/har-format": {
			"version": "1.2.8",
			"resolved": "https://registry.npmjs.org/@types/har-format/-/har-format-1.2.8.tgz",
			"integrity": "sha512-OP6L9VuZNdskgNN3zFQQ54ceYD8OLq5IbqO4VK91ORLfOm7WdT/CiT/pHEBSQEqCInJ2y3O6iCm/zGtPElpgJQ==",
			"dev": true
		}
	}
}
