{
	"name": "@rxjs-insights/core",
	"version": "0.4.1",
	"lockfileVersion": 2,
	"requires": true,
	"packages": {
		"": {
			"name": "@rxjs-insights/core",
			"version": "0.4.0-alpha.0",
			"license": "MIT",
			"devDependencies": {
				"rxjs-alias": "npm:rxjs@7.5.5"
			},
			"peerDependencies": {
				"rxjs": "^6 || ^7"
			}
		},
		"node_modules/rxjs-alias": {
			"name": "rxjs",
			"version": "7.5.5",
			"resolved": "https://registry.npmjs.org/rxjs/-/rxjs-7.5.5.tgz",
			"integrity": "sha512-sy+H0pQofO95VDmFLzyaw9xNJU4KTRSwQIGM6+iG3SypAtCiLDzpeG8sJrNCWn2Up9km+KhkvTdbkrdy+yzZdw==",
			"dev": true,
			"dependencies": {
				"tslib": "^2.1.0"
			}
		},
		"node_modules/tslib": {
			"version": "2.3.1",
			"resolved": "https://registry.npmjs.org/tslib/-/tslib-2.3.1.tgz",
			"integrity": "sha512-77EbyPPpMz+FRFRuAFlWMtmgUWGe9UOG2Z25NqCwiIjRhOf5iKGuzSe5P2w1laq+FkRy4p+PCuVkJSGkzTEKVw==",
			"dev": true
		}
	},
	"dependencies": {
		"rxjs-alias": {
			"version": "npm:rxjs@7.5.5",
			"resolved": "https://registry.npmjs.org/rxjs/-/rxjs-7.5.5.tgz",
			"integrity": "sha512-sy+H0pQofO95VDmFLzyaw9xNJU4KTRSwQIGM6+iG3SypAtCiLDzpeG8sJrNCWn2Up9km+KhkvTdbkrdy+yzZdw==",
			"dev": true,
			"requires": {
				"tslib": "^2.1.0"
			}
		},
		"tslib": {
			"version": "2.3.1",
			"resolved": "https://registry.npmjs.org/tslib/-/tslib-2.3.1.tgz",
			"integrity": "sha512-77EbyPPpMz+FRFRuAFlWMtmgUWGe9UOG2Z25NqCwiIjRhOf5iKGuzSe5P2w1laq+FkRy4p+PCuVkJSGkzTEKVw==",
			"dev": true
		}
	}
}
